// !$*UTF8*$!
{
	archiveVersion = 1;
	classes = {
	};
	objectVersion = 56;
	objects = {

/* Begin PBXBuildFile section */
		56C94CCE2A0E43F9006F0609 /* AddingNewDocument.swift in Sources */ = {isa = PBXBuildFile; fileRef = 56C94CCD2A0E43F9006F0609 /* AddingNewDocument.swift */; };
		F60797232A09666A0030CFC8 /* AppDelegate.swift in Sources */ = {isa = PBXBuildFile; fileRef = F60797222A09666A0030CFC8 /* AppDelegate.swift */; };
		F60797252A09666A0030CFC8 /* SceneDelegate.swift in Sources */ = {isa = PBXBuildFile; fileRef = F60797242A09666A0030CFC8 /* SceneDelegate.swift */; };
		F60797272A09666A0030CFC8 /* HomeVC.swift in Sources */ = {isa = PBXBuildFile; fileRef = F60797262A09666A0030CFC8 /* HomeVC.swift */; };
		F607972C2A09666B0030CFC8 /* Assets.xcassets in Resources */ = {isa = PBXBuildFile; fileRef = F607972B2A09666B0030CFC8 /* Assets.xcassets */; };
		F607972F2A09666B0030CFC8 /* LaunchScreen.storyboard in Resources */ = {isa = PBXBuildFile; fileRef = F607972D2A09666B0030CFC8 /* LaunchScreen.storyboard */; };
		F607973A2A09666B0030CFC8 /* qrDoorTests.swift in Sources */ = {isa = PBXBuildFile; fileRef = F60797392A09666B0030CFC8 /* qrDoorTests.swift */; };
		F60797442A09666B0030CFC8 /* qrDoorUITests.swift in Sources */ = {isa = PBXBuildFile; fileRef = F60797432A09666B0030CFC8 /* qrDoorUITests.swift */; };
		F60797462A09666B0030CFC8 /* qrDoorUITestsLaunchTests.swift in Sources */ = {isa = PBXBuildFile; fileRef = F60797452A09666B0030CFC8 /* qrDoorUITestsLaunchTests.swift */; };
		F60797532A0966AF0030CFC8 /* GoogleService-Info.plist in Resources */ = {isa = PBXBuildFile; fileRef = F60797522A0966AF0030CFC8 /* GoogleService-Info.plist */; };
		F60797562A0967AF0030CFC8 /* FirebaseAnalytics in Frameworks */ = {isa = PBXBuildFile; productRef = F60797552A0967AF0030CFC8 /* FirebaseAnalytics */; };
		F60797582A0967AF0030CFC8 /* FirebaseAuth in Frameworks */ = {isa = PBXBuildFile; productRef = F60797572A0967AF0030CFC8 /* FirebaseAuth */; };
		F607975A2A0967AF0030CFC8 /* FirebaseFirestore in Frameworks */ = {isa = PBXBuildFile; productRef = F60797592A0967AF0030CFC8 /* FirebaseFirestore */; };
		F607975D2A0969A50030CFC8 /* Utilities.swift in Sources */ = {isa = PBXBuildFile; fileRef = F607975C2A0969A50030CFC8 /* Utilities.swift */; };
		F607975F2A0969B70030CFC8 /* Constants.swift in Sources */ = {isa = PBXBuildFile; fileRef = F607975E2A0969B70030CFC8 /* Constants.swift */; };
		F60797622A096C760030CFC8 /* SignUpVC.swift in Sources */ = {isa = PBXBuildFile; fileRef = F60797612A096C760030CFC8 /* SignUpVC.swift */; };
		F60797642A096C800030CFC8 /* LoginVC.swift in Sources */ = {isa = PBXBuildFile; fileRef = F60797632A096C800030CFC8 /* LoginVC.swift */; };
		F62596772A1E4A0500341646 /* QrCodeVC.swift in Sources */ = {isa = PBXBuildFile; fileRef = F62596762A1E4A0500341646 /* QrCodeVC.swift */; };
		F635E26C2A1F94AC00D9CA41 /* Menu.storyboard in Resources */ = {isa = PBXBuildFile; fileRef = F635E26B2A1F94AB00D9CA41 /* Menu.storyboard */; };
		F635E2702A1F9ACA00D9CA41 /* SignUp.storyboard in Resources */ = {isa = PBXBuildFile; fileRef = F635E26F2A1F9ACA00D9CA41 /* SignUp.storyboard */; };
		F635E2732A1F9B9800D9CA41 /* Login.storyboard in Resources */ = {isa = PBXBuildFile; fileRef = F635E2722A1F9B9800D9CA41 /* Login.storyboard */; };
		F6747EB52A2F29190064B4DD /* AFService.swift in Sources */ = {isa = PBXBuildFile; fileRef = F6747EB42A2F29190064B4DD /* AFService.swift */; };
		F6747EB82A2F2A1C0064B4DD /* Alamofire in Frameworks */ = {isa = PBXBuildFile; productRef = F6747EB72A2F2A1C0064B4DD /* Alamofire */; };
		F6747EBB2A2F66FE0064B4DD /* ProgressHUD in Frameworks */ = {isa = PBXBuildFile; productRef = F6747EBA2A2F66FE0064B4DD /* ProgressHUD */; };
		F6A1AEAA2A1F4D32004C6D03 /* MenuVC.swift in Sources */ = {isa = PBXBuildFile; fileRef = F6A1AEA92A1F4D32004C6D03 /* MenuVC.swift */; };
		F6A1AEAE2A1F50B8004C6D03 /* MenuItemsTableViewCell.swift in Sources */ = {isa = PBXBuildFile; fileRef = F6A1AEAD2A1F50B8004C6D03 /* MenuItemsTableViewCell.swift */; };
		F6A1AEB02A1F7997004C6D03 /* Router.swift in Sources */ = {isa = PBXBuildFile; fileRef = F6A1AEAF2A1F7997004C6D03 /* Router.swift */; };
		F6A1AEB32A1F7A1D004C6D03 /* Home.storyboard in Resources */ = {isa = PBXBuildFile; fileRef = F6A1AEB22A1F7A1D004C6D03 /* Home.storyboard */; };
		F6A1AEB62A1F921B004C6D03 /* QrCode.storyboard in Resources */ = {isa = PBXBuildFile; fileRef = F6A1AEB52A1F921B004C6D03 /* QrCode.storyboard */; };
/* End PBXBuildFile section */

/* Begin PBXContainerItemProxy section */
		F60797362A09666B0030CFC8 /* PBXContainerItemProxy */ = {
			isa = PBXContainerItemProxy;
			containerPortal = F60797172A09666A0030CFC8 /* Project object */;
			proxyType = 1;
			remoteGlobalIDString = F607971E2A09666A0030CFC8;
			remoteInfo = qrDoor;
		};
		F60797402A09666B0030CFC8 /* PBXContainerItemProxy */ = {
			isa = PBXContainerItemProxy;
			containerPortal = F60797172A09666A0030CFC8 /* Project object */;
			proxyType = 1;
			remoteGlobalIDString = F607971E2A09666A0030CFC8;
			remoteInfo = qrDoor;
		};
/* End PBXContainerItemProxy section */

/* Begin PBXFileReference section */
		56C94CCD2A0E43F9006F0609 /* AddingNewDocument.swift */ = {isa = PBXFileReference; lastKnownFileType = sourcecode.swift; path = AddingNewDocument.swift; sourceTree = "<group>"; };
		F607971F2A09666A0030CFC8 /* qrDoor.app */ = {isa = PBXFileReference; explicitFileType = wrapper.application; includeInIndex = 0; path = qrDoor.app; sourceTree = BUILT_PRODUCTS_DIR; };
		F60797222A09666A0030CFC8 /* AppDelegate.swift */ = {isa = PBXFileReference; lastKnownFileType = sourcecode.swift; path = AppDelegate.swift; sourceTree = "<group>"; };
		F60797242A09666A0030CFC8 /* SceneDelegate.swift */ = {isa = PBXFileReference; lastKnownFileType = sourcecode.swift; path = SceneDelegate.swift; sourceTree = "<group>"; };
		F60797262A09666A0030CFC8 /* HomeVC.swift */ = {isa = PBXFileReference; lastKnownFileType = sourcecode.swift; path = HomeVC.swift; sourceTree = "<group>"; };
		F607972B2A09666B0030CFC8 /* Assets.xcassets */ = {isa = PBXFileReference; lastKnownFileType = folder.assetcatalog; path = Assets.xcassets; sourceTree = "<group>"; };
		F607972E2A09666B0030CFC8 /* Base */ = {isa = PBXFileReference; lastKnownFileType = file.storyboard; name = Base; path = Base.lproj/LaunchScreen.storyboard; sourceTree = "<group>"; };
		F60797302A09666B0030CFC8 /* Info.plist */ = {isa = PBXFileReference; lastKnownFileType = text.plist.xml; path = Info.plist; sourceTree = "<group>"; };
		F60797352A09666B0030CFC8 /* qrDoorTests.xctest */ = {isa = PBXFileReference; explicitFileType = wrapper.cfbundle; includeInIndex = 0; path = qrDoorTests.xctest; sourceTree = BUILT_PRODUCTS_DIR; };
		F60797392A09666B0030CFC8 /* qrDoorTests.swift */ = {isa = PBXFileReference; lastKnownFileType = sourcecode.swift; path = qrDoorTests.swift; sourceTree = "<group>"; };
		F607973F2A09666B0030CFC8 /* qrDoorUITests.xctest */ = {isa = PBXFileReference; explicitFileType = wrapper.cfbundle; includeInIndex = 0; path = qrDoorUITests.xctest; sourceTree = BUILT_PRODUCTS_DIR; };
		F60797432A09666B0030CFC8 /* qrDoorUITests.swift */ = {isa = PBXFileReference; lastKnownFileType = sourcecode.swift; path = qrDoorUITests.swift; sourceTree = "<group>"; };
		F60797452A09666B0030CFC8 /* qrDoorUITestsLaunchTests.swift */ = {isa = PBXFileReference; lastKnownFileType = sourcecode.swift; path = qrDoorUITestsLaunchTests.swift; sourceTree = "<group>"; };
		F60797522A0966AF0030CFC8 /* GoogleService-Info.plist */ = {isa = PBXFileReference; fileEncoding = 4; lastKnownFileType = text.plist.xml; path = "GoogleService-Info.plist"; sourceTree = "<group>"; };
		F607975C2A0969A50030CFC8 /* Utilities.swift */ = {isa = PBXFileReference; lastKnownFileType = sourcecode.swift; path = Utilities.swift; sourceTree = "<group>"; };
		F607975E2A0969B70030CFC8 /* Constants.swift */ = {isa = PBXFileReference; lastKnownFileType = sourcecode.swift; path = Constants.swift; sourceTree = "<group>"; };
		F60797612A096C760030CFC8 /* SignUpVC.swift */ = {isa = PBXFileReference; lastKnownFileType = sourcecode.swift; path = SignUpVC.swift; sourceTree = "<group>"; };
		F60797632A096C800030CFC8 /* LoginVC.swift */ = {isa = PBXFileReference; lastKnownFileType = sourcecode.swift; path = LoginVC.swift; sourceTree = "<group>"; };
		F62596762A1E4A0500341646 /* QrCodeVC.swift */ = {isa = PBXFileReference; lastKnownFileType = sourcecode.swift; path = QrCodeVC.swift; sourceTree = "<group>"; };
		F635E26B2A1F94AB00D9CA41 /* Menu.storyboard */ = {isa = PBXFileReference; lastKnownFileType = file.storyboard; path = Menu.storyboard; sourceTree = "<group>"; };
		F635E26F2A1F9ACA00D9CA41 /* SignUp.storyboard */ = {isa = PBXFileReference; lastKnownFileType = file.storyboard; path = SignUp.storyboard; sourceTree = "<group>"; };
		F635E2722A1F9B9800D9CA41 /* Login.storyboard */ = {isa = PBXFileReference; lastKnownFileType = file.storyboard; path = Login.storyboard; sourceTree = "<group>"; };
		F6747EB42A2F29190064B4DD /* AFService.swift */ = {isa = PBXFileReference; lastKnownFileType = sourcecode.swift; path = AFService.swift; sourceTree = "<group>"; };
		F6A1AEA92A1F4D32004C6D03 /* MenuVC.swift */ = {isa = PBXFileReference; lastKnownFileType = sourcecode.swift; path = MenuVC.swift; sourceTree = "<group>"; };
		F6A1AEAD2A1F50B8004C6D03 /* MenuItemsTableViewCell.swift */ = {isa = PBXFileReference; lastKnownFileType = sourcecode.swift; path = MenuItemsTableViewCell.swift; sourceTree = "<group>"; };
		F6A1AEAF2A1F7997004C6D03 /* Router.swift */ = {isa = PBXFileReference; lastKnownFileType = sourcecode.swift; path = Router.swift; sourceTree = "<group>"; };
		F6A1AEB22A1F7A1D004C6D03 /* Home.storyboard */ = {isa = PBXFileReference; lastKnownFileType = file.storyboard; path = Home.storyboard; sourceTree = "<group>"; };
		F6A1AEB52A1F921B004C6D03 /* QrCode.storyboard */ = {isa = PBXFileReference; lastKnownFileType = file.storyboard; path = QrCode.storyboard; sourceTree = "<group>"; };
/* End PBXFileReference section */

/* Begin PBXFrameworksBuildPhase section */
		F607971C2A09666A0030CFC8 /* Frameworks */ = {
			isa = PBXFrameworksBuildPhase;
			buildActionMask = 2147483647;
			files = (
				F6747EBB2A2F66FE0064B4DD /* ProgressHUD in Frameworks */,
				F60797562A0967AF0030CFC8 /* FirebaseAnalytics in Frameworks */,
				F6747EB82A2F2A1C0064B4DD /* Alamofire in Frameworks */,
				F60797582A0967AF0030CFC8 /* FirebaseAuth in Frameworks */,
				F607975A2A0967AF0030CFC8 /* FirebaseFirestore in Frameworks */,
			);
			runOnlyForDeploymentPostprocessing = 0;
		};
		F60797322A09666B0030CFC8 /* Frameworks */ = {
			isa = PBXFrameworksBuildPhase;
			buildActionMask = 2147483647;
			files = (
			);
			runOnlyForDeploymentPostprocessing = 0;
		};
		F607973C2A09666B0030CFC8 /* Frameworks */ = {
			isa = PBXFrameworksBuildPhase;
			buildActionMask = 2147483647;
			files = (
			);
			runOnlyForDeploymentPostprocessing = 0;
		};
/* End PBXFrameworksBuildPhase section */

/* Begin PBXGroup section */
		56A2B4492A0A0C1700432AC7 /* App */ = {
			isa = PBXGroup;
			children = (
				F60797222A09666A0030CFC8 /* AppDelegate.swift */,
				F60797242A09666A0030CFC8 /* SceneDelegate.swift */,
				F607972B2A09666B0030CFC8 /* Assets.xcassets */,
				F607972D2A09666B0030CFC8 /* LaunchScreen.storyboard */,
			);
			path = App;
			sourceTree = "<group>";
		};
		F60797162A09666A0030CFC8 = {
			isa = PBXGroup;
			children = (
				F60797212A09666A0030CFC8 /* qrDoor */,
				F60797382A09666B0030CFC8 /* qrDoorTests */,
				F60797422A09666B0030CFC8 /* qrDoorUITests */,
				F60797202A09666A0030CFC8 /* Products */,
			);
			sourceTree = "<group>";
		};
		F60797202A09666A0030CFC8 /* Products */ = {
			isa = PBXGroup;
			children = (
				F607971F2A09666A0030CFC8 /* qrDoor.app */,
				F60797352A09666B0030CFC8 /* qrDoorTests.xctest */,
				F607973F2A09666B0030CFC8 /* qrDoorUITests.xctest */,
			);
			name = Products;
			sourceTree = "<group>";
		};
		F60797212A09666A0030CFC8 /* qrDoor */ = {
			isa = PBXGroup;
			children = (
				F6747EB32A2F29060064B4DD /* Network */,
				56A2B4492A0A0C1700432AC7 /* App */,
				F60797602A096C520030CFC8 /* Views */,
				F60797692A096DEE0030CFC8 /* Media */,
				F607975B2A0969690030CFC8 /* Helpers */,
				F60797302A09666B0030CFC8 /* Info.plist */,
				F60797522A0966AF0030CFC8 /* GoogleService-Info.plist */,
			);
			path = qrDoor;
			sourceTree = "<group>";
		};
		F60797382A09666B0030CFC8 /* qrDoorTests */ = {
			isa = PBXGroup;
			children = (
				F60797392A09666B0030CFC8 /* qrDoorTests.swift */,
			);
			path = qrDoorTests;
			sourceTree = "<group>";
		};
		F60797422A09666B0030CFC8 /* qrDoorUITests */ = {
			isa = PBXGroup;
			children = (
				F60797432A09666B0030CFC8 /* qrDoorUITests.swift */,
				F60797452A09666B0030CFC8 /* qrDoorUITestsLaunchTests.swift */,
			);
			path = qrDoorUITests;
			sourceTree = "<group>";
		};
		F607975B2A0969690030CFC8 /* Helpers */ = {
			isa = PBXGroup;
			children = (
				F607975C2A0969A50030CFC8 /* Utilities.swift */,
				F607975E2A0969B70030CFC8 /* Constants.swift */,
				56C94CCD2A0E43F9006F0609 /* AddingNewDocument.swift */,
				F6A1AEAF2A1F7997004C6D03 /* Router.swift */,
			);
			path = Helpers;
			sourceTree = "<group>";
		};
		F60797602A096C520030CFC8 /* Views */ = {
			isa = PBXGroup;
			children = (
				F635E2712A1F9B9200D9CA41 /* Login */,
				F635E26E2A1F9AB700D9CA41 /* Signup */,
				F6A1AEB72A1F938A004C6D03 /* Menu */,
				F6A1AEB42A1F91FE004C6D03 /* QrCode */,
				F6A1AEB12A1F79DE004C6D03 /* Home */,
			);
			path = Views;
			sourceTree = "<group>";
		};
		F60797692A096DEE0030CFC8 /* Media */ = {
			isa = PBXGroup;
			children = (
			);
			path = Media;
			sourceTree = "<group>";
		};
		F635E26E2A1F9AB700D9CA41 /* Signup */ = {
			isa = PBXGroup;
			children = (
				F60797612A096C760030CFC8 /* SignUpVC.swift */,
				F635E26F2A1F9ACA00D9CA41 /* SignUp.storyboard */,
			);
			path = Signup;
			sourceTree = "<group>";
		};
		F635E2712A1F9B9200D9CA41 /* Login */ = {
			isa = PBXGroup;
			children = (
				F635E2722A1F9B9800D9CA41 /* Login.storyboard */,
				F60797632A096C800030CFC8 /* LoginVC.swift */,
			);
			path = Login;
			sourceTree = "<group>";
		};
		F6747EB32A2F29060064B4DD /* Network */ = {
			isa = PBXGroup;
			children = (
				F6747EB42A2F29190064B4DD /* AFService.swift */,
			);
			path = Network;
			sourceTree = "<group>";
		};
		F6A1AEB12A1F79DE004C6D03 /* Home */ = {
			isa = PBXGroup;
			children = (
				F60797262A09666A0030CFC8 /* HomeVC.swift */,
				F6A1AEB22A1F7A1D004C6D03 /* Home.storyboard */,
			);
			path = Home;
			sourceTree = "<group>";
		};
		F6A1AEB42A1F91FE004C6D03 /* QrCode */ = {
			isa = PBXGroup;
			children = (
				F62596762A1E4A0500341646 /* QrCodeVC.swift */,
				F6A1AEB52A1F921B004C6D03 /* QrCode.storyboard */,
			);
			path = QrCode;
			sourceTree = "<group>";
		};
		F6A1AEB72A1F938A004C6D03 /* Menu */ = {
			isa = PBXGroup;
			children = (
				F6A1AEA92A1F4D32004C6D03 /* MenuVC.swift */,
				F6A1AEAD2A1F50B8004C6D03 /* MenuItemsTableViewCell.swift */,
				F635E26B2A1F94AB00D9CA41 /* Menu.storyboard */,
			);
			path = Menu;
			sourceTree = "<group>";
		};
/* End PBXGroup section */

/* Begin PBXNativeTarget section */
		F607971E2A09666A0030CFC8 /* qrDoor */ = {
			isa = PBXNativeTarget;
			buildConfigurationList = F60797492A09666B0030CFC8 /* Build configuration list for PBXNativeTarget "qrDoor" */;
			buildPhases = (
				F607971B2A09666A0030CFC8 /* Sources */,
				F607971C2A09666A0030CFC8 /* Frameworks */,
				F607971D2A09666A0030CFC8 /* Resources */,
			);
			buildRules = (
			);
			dependencies = (
			);
			name = qrDoor;
			packageProductDependencies = (
				F60797552A0967AF0030CFC8 /* FirebaseAnalytics */,
				F60797572A0967AF0030CFC8 /* FirebaseAuth */,
				F60797592A0967AF0030CFC8 /* FirebaseFirestore */,
				F6747EB72A2F2A1C0064B4DD /* Alamofire */,
				F6747EBA2A2F66FE0064B4DD /* ProgressHUD */,
			);
			productName = qrDoor;
			productReference = F607971F2A09666A0030CFC8 /* qrDoor.app */;
			productType = "com.apple.product-type.application";
		};
		F60797342A09666B0030CFC8 /* qrDoorTests */ = {
			isa = PBXNativeTarget;
			buildConfigurationList = F607974C2A09666B0030CFC8 /* Build configuration list for PBXNativeTarget "qrDoorTests" */;
			buildPhases = (
				F60797312A09666B0030CFC8 /* Sources */,
				F60797322A09666B0030CFC8 /* Frameworks */,
				F60797332A09666B0030CFC8 /* Resources */,
			);
			buildRules = (
			);
			dependencies = (
				F60797372A09666B0030CFC8 /* PBXTargetDependency */,
			);
			name = qrDoorTests;
			productName = qrDoorTests;
			productReference = F60797352A09666B0030CFC8 /* qrDoorTests.xctest */;
			productType = "com.apple.product-type.bundle.unit-test";
		};
		F607973E2A09666B0030CFC8 /* qrDoorUITests */ = {
			isa = PBXNativeTarget;
			buildConfigurationList = F607974F2A09666B0030CFC8 /* Build configuration list for PBXNativeTarget "qrDoorUITests" */;
			buildPhases = (
				F607973B2A09666B0030CFC8 /* Sources */,
				F607973C2A09666B0030CFC8 /* Frameworks */,
				F607973D2A09666B0030CFC8 /* Resources */,
			);
			buildRules = (
			);
			dependencies = (
				F60797412A09666B0030CFC8 /* PBXTargetDependency */,
			);
			name = qrDoorUITests;
			productName = qrDoorUITests;
			productReference = F607973F2A09666B0030CFC8 /* qrDoorUITests.xctest */;
			productType = "com.apple.product-type.bundle.ui-testing";
		};
/* End PBXNativeTarget section */

/* Begin PBXProject section */
		F60797172A09666A0030CFC8 /* Project object */ = {
			isa = PBXProject;
			attributes = {
				BuildIndependentTargetsInParallel = 1;
				LastSwiftUpdateCheck = 1400;
				LastUpgradeCheck = 1400;
				TargetAttributes = {
					F607971E2A09666A0030CFC8 = {
						CreatedOnToolsVersion = 14.0.1;
					};
					F60797342A09666B0030CFC8 = {
						CreatedOnToolsVersion = 14.0.1;
						TestTargetID = F607971E2A09666A0030CFC8;
					};
					F607973E2A09666B0030CFC8 = {
						CreatedOnToolsVersion = 14.0.1;
						TestTargetID = F607971E2A09666A0030CFC8;
					};
				};
			};
			buildConfigurationList = F607971A2A09666A0030CFC8 /* Build configuration list for PBXProject "qrDoor" */;
			compatibilityVersion = "Xcode 14.0";
			developmentRegion = en;
			hasScannedForEncodings = 0;
			knownRegions = (
				en,
				Base,
			);
			mainGroup = F60797162A09666A0030CFC8;
			packageReferences = (
				F60797542A0967AF0030CFC8 /* XCRemoteSwiftPackageReference "firebase-ios-sdk" */,
				F6747EB62A2F2A1C0064B4DD /* XCRemoteSwiftPackageReference "Alamofire" */,
				F6747EB92A2F66FE0064B4DD /* XCRemoteSwiftPackageReference "ProgressHUD" */,
			);
			productRefGroup = F60797202A09666A0030CFC8 /* Products */;
			projectDirPath = "";
			projectRoot = "";
			targets = (
				F607971E2A09666A0030CFC8 /* qrDoor */,
				F60797342A09666B0030CFC8 /* qrDoorTests */,
				F607973E2A09666B0030CFC8 /* qrDoorUITests */,
			);
		};
/* End PBXProject section */

/* Begin PBXResourcesBuildPhase section */
		F607971D2A09666A0030CFC8 /* Resources */ = {
			isa = PBXResourcesBuildPhase;
			buildActionMask = 2147483647;
			files = (
				F6A1AEB62A1F921B004C6D03 /* QrCode.storyboard in Resources */,
				F607972F2A09666B0030CFC8 /* LaunchScreen.storyboard in Resources */,
				F607972C2A09666B0030CFC8 /* Assets.xcassets in Resources */,
				F635E26C2A1F94AC00D9CA41 /* Menu.storyboard in Resources */,
				F6A1AEB32A1F7A1D004C6D03 /* Home.storyboard in Resources */,
				F635E2702A1F9ACA00D9CA41 /* SignUp.storyboard in Resources */,
				F60797532A0966AF0030CFC8 /* GoogleService-Info.plist in Resources */,
				F635E2732A1F9B9800D9CA41 /* Login.storyboard in Resources */,
			);
			runOnlyForDeploymentPostprocessing = 0;
		};
		F60797332A09666B0030CFC8 /* Resources */ = {
			isa = PBXResourcesBuildPhase;
			buildActionMask = 2147483647;
			files = (
			);
			runOnlyForDeploymentPostprocessing = 0;
		};
		F607973D2A09666B0030CFC8 /* Resources */ = {
			isa = PBXResourcesBuildPhase;
			buildActionMask = 2147483647;
			files = (
			);
			runOnlyForDeploymentPostprocessing = 0;
		};
/* End PBXResourcesBuildPhase section */

/* Begin PBXSourcesBuildPhase section */
		F607971B2A09666A0030CFC8 /* Sources */ = {
			isa = PBXSourcesBuildPhase;
			buildActionMask = 2147483647;
			files = (
				F6747EB52A2F29190064B4DD /* AFService.swift in Sources */,
				F60797642A096C800030CFC8 /* LoginVC.swift in Sources */,
				F6A1AEAA2A1F4D32004C6D03 /* MenuVC.swift in Sources */,
				F60797622A096C760030CFC8 /* SignUpVC.swift in Sources */,
				F607975F2A0969B70030CFC8 /* Constants.swift in Sources */,
				F6A1AEB02A1F7997004C6D03 /* Router.swift in Sources */,
				56C94CCE2A0E43F9006F0609 /* AddingNewDocument.swift in Sources */,
				F60797272A09666A0030CFC8 /* HomeVC.swift in Sources */,
				F60797232A09666A0030CFC8 /* AppDelegate.swift in Sources */,
				F607975D2A0969A50030CFC8 /* Utilities.swift in Sources */,
				F6A1AEAE2A1F50B8004C6D03 /* MenuItemsTableViewCell.swift in Sources */,
				F62596772A1E4A0500341646 /* QrCodeVC.swift in Sources */,
				F60797252A09666A0030CFC8 /* SceneDelegate.swift in Sources */,
			);
			runOnlyForDeploymentPostprocessing = 0;
		};
		F60797312A09666B0030CFC8 /* Sources */ = {
			isa = PBXSourcesBuildPhase;
			buildActionMask = 2147483647;
			files = (
				F607973A2A09666B0030CFC8 /* qrDoorTests.swift in Sources */,
			);
			runOnlyForDeploymentPostprocessing = 0;
		};
		F607973B2A09666B0030CFC8 /* Sources */ = {
			isa = PBXSourcesBuildPhase;
			buildActionMask = 2147483647;
			files = (
				F60797442A09666B0030CFC8 /* qrDoorUITests.swift in Sources */,
				F60797462A09666B0030CFC8 /* qrDoorUITestsLaunchTests.swift in Sources */,
			);
			runOnlyForDeploymentPostprocessing = 0;
		};
/* End PBXSourcesBuildPhase section */

/* Begin PBXTargetDependency section */
		F60797372A09666B0030CFC8 /* PBXTargetDependency */ = {
			isa = PBXTargetDependency;
			target = F607971E2A09666A0030CFC8 /* qrDoor */;
			targetProxy = F60797362A09666B0030CFC8 /* PBXContainerItemProxy */;
		};
		F60797412A09666B0030CFC8 /* PBXTargetDependency */ = {
			isa = PBXTargetDependency;
			target = F607971E2A09666A0030CFC8 /* qrDoor */;
			targetProxy = F60797402A09666B0030CFC8 /* PBXContainerItemProxy */;
		};
/* End PBXTargetDependency section */

/* Begin PBXVariantGroup section */
		F607972D2A09666B0030CFC8 /* LaunchScreen.storyboard */ = {
			isa = PBXVariantGroup;
			children = (
				F607972E2A09666B0030CFC8 /* Base */,
			);
			name = LaunchScreen.storyboard;
			sourceTree = "<group>";
		};
/* End PBXVariantGroup section */

/* Begin XCBuildConfiguration section */
		F60797472A09666B0030CFC8 /* Debug */ = {
			isa = XCBuildConfiguration;
			buildSettings = {
				ALWAYS_SEARCH_USER_PATHS = NO;
				CLANG_ANALYZER_NONNULL = YES;
				CLANG_ANALYZER_NUMBER_OBJECT_CONVERSION = YES_AGGRESSIVE;
				CLANG_CXX_LANGUAGE_STANDARD = "gnu++20";
				CLANG_ENABLE_MODULES = YES;
				CLANG_ENABLE_OBJC_ARC = YES;
				CLANG_ENABLE_OBJC_WEAK = YES;
				CLANG_WARN_BLOCK_CAPTURE_AUTORELEASING = YES;
				CLANG_WARN_BOOL_CONVERSION = YES;
				CLANG_WARN_COMMA = YES;
				CLANG_WARN_CONSTANT_CONVERSION = YES;
				CLANG_WARN_DEPRECATED_OBJC_IMPLEMENTATIONS = YES;
				CLANG_WARN_DIRECT_OBJC_ISA_USAGE = YES_ERROR;
				CLANG_WARN_DOCUMENTATION_COMMENTS = YES;
				CLANG_WARN_EMPTY_BODY = YES;
				CLANG_WARN_ENUM_CONVERSION = YES;
				CLANG_WARN_INFINITE_RECURSION = YES;
				CLANG_WARN_INT_CONVERSION = YES;
				CLANG_WARN_NON_LITERAL_NULL_CONVERSION = YES;
				CLANG_WARN_OBJC_IMPLICIT_RETAIN_SELF = YES;
				CLANG_WARN_OBJC_LITERAL_CONVERSION = YES;
				CLANG_WARN_OBJC_ROOT_CLASS = YES_ERROR;
				CLANG_WARN_QUOTED_INCLUDE_IN_FRAMEWORK_HEADER = YES;
				CLANG_WARN_RANGE_LOOP_ANALYSIS = YES;
				CLANG_WARN_STRICT_PROTOTYPES = YES;
				CLANG_WARN_SUSPICIOUS_MOVE = YES;
				CLANG_WARN_UNGUARDED_AVAILABILITY = YES_AGGRESSIVE;
				CLANG_WARN_UNREACHABLE_CODE = YES;
				CLANG_WARN__DUPLICATE_METHOD_MATCH = YES;
				COPY_PHASE_STRIP = NO;
				DEBUG_INFORMATION_FORMAT = dwarf;
				ENABLE_STRICT_OBJC_MSGSEND = YES;
				ENABLE_TESTABILITY = YES;
				GCC_C_LANGUAGE_STANDARD = gnu11;
				GCC_DYNAMIC_NO_PIC = NO;
				GCC_NO_COMMON_BLOCKS = YES;
				GCC_OPTIMIZATION_LEVEL = 0;
				GCC_PREPROCESSOR_DEFINITIONS = (
					"DEBUG=1",
					"$(inherited)",
				);
				GCC_WARN_64_TO_32_BIT_CONVERSION = YES;
				GCC_WARN_ABOUT_RETURN_TYPE = YES_ERROR;
				GCC_WARN_UNDECLARED_SELECTOR = YES;
				GCC_WARN_UNINITIALIZED_AUTOS = YES_AGGRESSIVE;
				GCC_WARN_UNUSED_FUNCTION = YES;
				GCC_WARN_UNUSED_VARIABLE = YES;
				IPHONEOS_DEPLOYMENT_TARGET = 16.0;
				MTL_ENABLE_DEBUG_INFO = INCLUDE_SOURCE;
				MTL_FAST_MATH = YES;
				ONLY_ACTIVE_ARCH = YES;
				SDKROOT = iphoneos;
				SWIFT_ACTIVE_COMPILATION_CONDITIONS = DEBUG;
				SWIFT_OPTIMIZATION_LEVEL = "-Onone";
			};
			name = Debug;
		};
		F60797482A09666B0030CFC8 /* Release */ = {
			isa = XCBuildConfiguration;
			buildSettings = {
				ALWAYS_SEARCH_USER_PATHS = NO;
				CLANG_ANALYZER_NONNULL = YES;
				CLANG_ANALYZER_NUMBER_OBJECT_CONVERSION = YES_AGGRESSIVE;
				CLANG_CXX_LANGUAGE_STANDARD = "gnu++20";
				CLANG_ENABLE_MODULES = YES;
				CLANG_ENABLE_OBJC_ARC = YES;
				CLANG_ENABLE_OBJC_WEAK = YES;
				CLANG_WARN_BLOCK_CAPTURE_AUTORELEASING = YES;
				CLANG_WARN_BOOL_CONVERSION = YES;
				CLANG_WARN_COMMA = YES;
				CLANG_WARN_CONSTANT_CONVERSION = YES;
				CLANG_WARN_DEPRECATED_OBJC_IMPLEMENTATIONS = YES;
				CLANG_WARN_DIRECT_OBJC_ISA_USAGE = YES_ERROR;
				CLANG_WARN_DOCUMENTATION_COMMENTS = YES;
				CLANG_WARN_EMPTY_BODY = YES;
				CLANG_WARN_ENUM_CONVERSION = YES;
				CLANG_WARN_INFINITE_RECURSION = YES;
				CLANG_WARN_INT_CONVERSION = YES;
				CLANG_WARN_NON_LITERAL_NULL_CONVERSION = YES;
				CLANG_WARN_OBJC_IMPLICIT_RETAIN_SELF = YES;
				CLANG_WARN_OBJC_LITERAL_CONVERSION = YES;
				CLANG_WARN_OBJC_ROOT_CLASS = YES_ERROR;
				CLANG_WARN_QUOTED_INCLUDE_IN_FRAMEWORK_HEADER = YES;
				CLANG_WARN_RANGE_LOOP_ANALYSIS = YES;
				CLANG_WARN_STRICT_PROTOTYPES = YES;
				CLANG_WARN_SUSPICIOUS_MOVE = YES;
				CLANG_WARN_UNGUARDED_AVAILABILITY = YES_AGGRESSIVE;
				CLANG_WARN_UNREACHABLE_CODE = YES;
				CLANG_WARN__DUPLICATE_METHOD_MATCH = YES;
				COPY_PHASE_STRIP = NO;
				DEBUG_INFORMATION_FORMAT = "dwarf-with-dsym";
				ENABLE_NS_ASSERTIONS = NO;
				ENABLE_STRICT_OBJC_MSGSEND = YES;
				GCC_C_LANGUAGE_STANDARD = gnu11;
				GCC_NO_COMMON_BLOCKS = YES;
				GCC_WARN_64_TO_32_BIT_CONVERSION = YES;
				GCC_WARN_ABOUT_RETURN_TYPE = YES_ERROR;
				GCC_WARN_UNDECLARED_SELECTOR = YES;
				GCC_WARN_UNINITIALIZED_AUTOS = YES_AGGRESSIVE;
				GCC_WARN_UNUSED_FUNCTION = YES;
				GCC_WARN_UNUSED_VARIABLE = YES;
				IPHONEOS_DEPLOYMENT_TARGET = 16.0;
				MTL_ENABLE_DEBUG_INFO = NO;
				MTL_FAST_MATH = YES;
				SDKROOT = iphoneos;
				SWIFT_COMPILATION_MODE = wholemodule;
				SWIFT_OPTIMIZATION_LEVEL = "-O";
				VALIDATE_PRODUCT = YES;
			};
			name = Release;
		};
		F607974A2A09666B0030CFC8 /* Debug */ = {
			isa = XCBuildConfiguration;
			buildSettings = {
				ASSETCATALOG_COMPILER_APPICON_NAME = AppIcon;
				ASSETCATALOG_COMPILER_GLOBAL_ACCENT_COLOR_NAME = AccentColor;
				CODE_SIGN_STYLE = Automatic;
				CURRENT_PROJECT_VERSION = 1;
				DEVELOPMENT_TEAM = R7KP5757Z8;
				GENERATE_INFOPLIST_FILE = YES;
				INFOPLIST_FILE = qrDoor/Info.plist;
				INFOPLIST_KEY_UIApplicationSupportsIndirectInputEvents = YES;
				INFOPLIST_KEY_UILaunchStoryboardName = LaunchScreen;
				INFOPLIST_KEY_UISupportedInterfaceOrientations = UIInterfaceOrientationPortrait;
				IPHONEOS_DEPLOYMENT_TARGET = 15.6;
				LD_RUNPATH_SEARCH_PATHS = (
					"$(inherited)",
					"@executable_path/Frameworks",
				);
				MARKETING_VERSION = 1.0;
				PRODUCT_BUNDLE_IDENTIFIER = com.omercelikel.qrDoor;
				PRODUCT_NAME = "$(TARGET_NAME)";
				SWIFT_EMIT_LOC_STRINGS = YES;
				SWIFT_VERSION = 5.0;
				TARGETED_DEVICE_FAMILY = "1,2";
			};
			name = Debug;
		};
		F607974B2A09666B0030CFC8 /* Release */ = {
			isa = XCBuildConfiguration;
			buildSettings = {
				ASSETCATALOG_COMPILER_APPICON_NAME = AppIcon;
				ASSETCATALOG_COMPILER_GLOBAL_ACCENT_COLOR_NAME = AccentColor;
				CODE_SIGN_STYLE = Automatic;
				CURRENT_PROJECT_VERSION = 1;
				DEVELOPMENT_TEAM = R7KP5757Z8;
				GENERATE_INFOPLIST_FILE = YES;
				INFOPLIST_FILE = qrDoor/Info.plist;
				INFOPLIST_KEY_UIApplicationSupportsIndirectInputEvents = YES;
				INFOPLIST_KEY_UILaunchStoryboardName = LaunchScreen;
				INFOPLIST_KEY_UISupportedInterfaceOrientations = UIInterfaceOrientationPortrait;
				IPHONEOS_DEPLOYMENT_TARGET = 15.6;
				LD_RUNPATH_SEARCH_PATHS = (
					"$(inherited)",
					"@executable_path/Frameworks",
				);
				MARKETING_VERSION = 1.0;
				PRODUCT_BUNDLE_IDENTIFIER = com.omercelikel.qrDoor;
				PRODUCT_NAME = "$(TARGET_NAME)";
				SWIFT_EMIT_LOC_STRINGS = YES;
				SWIFT_VERSION = 5.0;
				TARGETED_DEVICE_FAMILY = "1,2";
			};
			name = Release;
		};
		F607974D2A09666B0030CFC8 /* Debug */ = {
			isa = XCBuildConfiguration;
			buildSettings = {
				ALWAYS_EMBED_SWIFT_STANDARD_LIBRARIES = YES;
				BUNDLE_LOADER = "$(TEST_HOST)";
				CODE_SIGN_STYLE = Automatic;
				CURRENT_PROJECT_VERSION = 1;
				DEVELOPMENT_TEAM = R7KP5757Z8;
				GENERATE_INFOPLIST_FILE = YES;
				IPHONEOS_DEPLOYMENT_TARGET = 16.0;
				MARKETING_VERSION = 1.0;
				PRODUCT_BUNDLE_IDENTIFIER = com.omercelikel.qrDoorTests;
				PRODUCT_NAME = "$(TARGET_NAME)";
				SWIFT_EMIT_LOC_STRINGS = NO;
				SWIFT_VERSION = 5.0;
				TARGETED_DEVICE_FAMILY = "1,2";
				TEST_HOST = "$(BUILT_PRODUCTS_DIR)/qrDoor.app/$(BUNDLE_EXECUTABLE_FOLDER_PATH)/qrDoor";
			};
			name = Debug;
		};
		F607974E2A09666B0030CFC8 /* Release */ = {
			isa = XCBuildConfiguration;
			buildSettings = {
				ALWAYS_EMBED_SWIFT_STANDARD_LIBRARIES = YES;
				BUNDLE_LOADER = "$(TEST_HOST)";
				CODE_SIGN_STYLE = Automatic;
				CURRENT_PROJECT_VERSION = 1;
				DEVELOPMENT_TEAM = R7KP5757Z8;
				GENERATE_INFOPLIST_FILE = YES;
				IPHONEOS_DEPLOYMENT_TARGET = 16.0;
				MARKETING_VERSION = 1.0;
				PRODUCT_BUNDLE_IDENTIFIER = com.omercelikel.qrDoorTests;
				PRODUCT_NAME = "$(TARGET_NAME)";
				SWIFT_EMIT_LOC_STRINGS = NO;
				SWIFT_VERSION = 5.0;
				TARGETED_DEVICE_FAMILY = "1,2";
				TEST_HOST = "$(BUILT_PRODUCTS_DIR)/qrDoor.app/$(BUNDLE_EXECUTABLE_FOLDER_PATH)/qrDoor";
			};
			name = Release;
		};
		F60797502A09666B0030CFC8 /* Debug */ = {
			isa = XCBuildConfiguration;
			buildSettings = {
				ALWAYS_EMBED_SWIFT_STANDARD_LIBRARIES = YES;
				CODE_SIGN_STYLE = Automatic;
				CURRENT_PROJECT_VERSION = 1;
				DEVELOPMENT_TEAM = R7KP5757Z8;
				GENERATE_INFOPLIST_FILE = YES;
				MARKETING_VERSION = 1.0;
				PRODUCT_BUNDLE_IDENTIFIER = com.omercelikel.qrDoorUITests;
				PRODUCT_NAME = "$(TARGET_NAME)";
				SWIFT_EMIT_LOC_STRINGS = NO;
				SWIFT_VERSION = 5.0;
				TARGETED_DEVICE_FAMILY = "1,2";
				TEST_TARGET_NAME = qrDoor;
			};
			name = Debug;
		};
		F60797512A09666B0030CFC8 /* Release */ = {
			isa = XCBuildConfiguration;
			buildSettings = {
				ALWAYS_EMBED_SWIFT_STANDARD_LIBRARIES = YES;
				CODE_SIGN_STYLE = Automatic;
				CURRENT_PROJECT_VERSION = 1;
				DEVELOPMENT_TEAM = R7KP5757Z8;
				GENERATE_INFOPLIST_FILE = YES;
				MARKETING_VERSION = 1.0;
				PRODUCT_BUNDLE_IDENTIFIER = com.omercelikel.qrDoorUITests;
				PRODUCT_NAME = "$(TARGET_NAME)";
				SWIFT_EMIT_LOC_STRINGS = NO;
				SWIFT_VERSION = 5.0;
				TARGETED_DEVICE_FAMILY = "1,2";
				TEST_TARGET_NAME = qrDoor;
			};
			name = Release;
		};
/* End XCBuildConfiguration section */

/* Begin XCConfigurationList section */
		F607971A2A09666A0030CFC8 /* Build configuration list for PBXProject "qrDoor" */ = {
			isa = XCConfigurationList;
			buildConfigurations = (
				F60797472A09666B0030CFC8 /* Debug */,
				F60797482A09666B0030CFC8 /* Release */,
			);
			defaultConfigurationIsVisible = 0;
			defaultConfigurationName = Release;
		};
		F60797492A09666B0030CFC8 /* Build configuration list for PBXNativeTarget "qrDoor" */ = {
			isa = XCConfigurationList;
			buildConfigurations = (
				F607974A2A09666B0030CFC8 /* Debug */,
				F607974B2A09666B0030CFC8 /* Release */,
			);
			defaultConfigurationIsVisible = 0;
			defaultConfigurationName = Release;
		};
		F607974C2A09666B0030CFC8 /* Build configuration list for PBXNativeTarget "qrDoorTests" */ = {
			isa = XCConfigurationList;
			buildConfigurations = (
				F607974D2A09666B0030CFC8 /* Debug */,
				F607974E2A09666B0030CFC8 /* Release */,
			);
			defaultConfigurationIsVisible = 0;
			defaultConfigurationName = Release;
		};
		F607974F2A09666B0030CFC8 /* Build configuration list for PBXNativeTarget "qrDoorUITests" */ = {
			isa = XCConfigurationList;
			buildConfigurations = (
				F60797502A09666B0030CFC8 /* Debug */,
				F60797512A09666B0030CFC8 /* Release */,
			);
			defaultConfigurationIsVisible = 0;
			defaultConfigurationName = Release;
		};
/* End XCConfigurationList section */

/* Begin XCRemoteSwiftPackageReference section */
		F60797542A0967AF0030CFC8 /* XCRemoteSwiftPackageReference "firebase-ios-sdk" */ = {
			isa = XCRemoteSwiftPackageReference;
			repositoryURL = "https://github.com/firebase/firebase-ios-sdk";
			requirement = {
				kind = upToNextMajorVersion;
				minimumVersion = 9.0.0;
			};
		};
		F6747EB62A2F2A1C0064B4DD /* XCRemoteSwiftPackageReference "Alamofire" */ = {
			isa = XCRemoteSwiftPackageReference;
			repositoryURL = "https://github.com/Alamofire/Alamofire.git";
			requirement = {
				kind = upToNextMajorVersion;
				minimumVersion = 5.0.0;
			};
		};
		F6747EB92A2F66FE0064B4DD /* XCRemoteSwiftPackageReference "ProgressHUD" */ = {
			isa = XCRemoteSwiftPackageReference;
			repositoryURL = "https://github.com/relatedcode/ProgressHUD";
			requirement = {
				kind = upToNextMajorVersion;
				minimumVersion = 13.0.0;
			};
		};
/* End XCRemoteSwiftPackageReference section */

/* Begin XCSwiftPackageProductDependency section */
		F60797552A0967AF0030CFC8 /* FirebaseAnalytics */ = {
			isa = XCSwiftPackageProductDependency;
			package = F60797542A0967AF0030CFC8 /* XCRemoteSwiftPackageReference "firebase-ios-sdk" */;
			productName = FirebaseAnalytics;
		};
		F60797572A0967AF0030CFC8 /* FirebaseAuth */ = {
			isa = XCSwiftPackageProductDependency;
			package = F60797542A0967AF0030CFC8 /* XCRemoteSwiftPackageReference "firebase-ios-sdk" */;
			productName = FirebaseAuth;
		};
		F60797592A0967AF0030CFC8 /* FirebaseFirestore */ = {
			isa = XCSwiftPackageProductDependency;
			package = F60797542A0967AF0030CFC8 /* XCRemoteSwiftPackageReference "firebase-ios-sdk" */;
			productName = FirebaseFirestore;
		};
		F6747EB72A2F2A1C0064B4DD /* Alamofire */ = {
			isa = XCSwiftPackageProductDependency;
			package = F6747EB62A2F2A1C0064B4DD /* XCRemoteSwiftPackageReference "Alamofire" */;
			productName = Alamofire;
		};
		F6747EBA2A2F66FE0064B4DD /* ProgressHUD */ = {
			isa = XCSwiftPackageProductDependency;
			package = F6747EB92A2F66FE0064B4DD /* XCRemoteSwiftPackageReference "ProgressHUD" */;
			productName = ProgressHUD;
		};
/* End XCSwiftPackageProductDependency section */
	};
	rootObject = F60797172A09666A0030CFC8 /* Project object */;
}
